
Microsoft Visual Studio Solution File, Format Version 12.00
# Visual Studio Version 17
VisualStudioVersion = 17.11.35327.3
MinimumVisualStudioVersion = 10.0.40219.1
Project("{9A19103F-16F7-4668-BE54-9A1E7A4F7556}") = "Filmowanie", "Filmowanie.csproj", "{5E82A902-1A4F-477D-9C42-CC6BC0D76EF0}"
EndProject
Project("{FAE04EC0-301F-11D3-BF4B-00C04F79EFBC}") = "Filmowanie.Database", "Filmowanie.Database\Filmowanie.Database.csproj", "{A2AA58CB-24EC-4B4A-B592-E32D297BCCE0}"
EndProject
Project("{FAE04EC0-301F-11D3-BF4B-00C04F79EFBC}") = "Filmowanie.Abstractions", "Filmowanie.Abstractions\Filmowanie.Abstractions.csproj", "{23A60AA0-6F2A-4EC7-BD97-2A1B067165B0}"
EndProject
Project("{FAE04EC0-301F-11D3-BF4B-00C04F79EFBC}") = "Filmowanie.Account", "Filmowanie.Account\Filmowanie.Account.csproj", "{8E09751C-86C7-4BD8-9117-5C599777CD84}"
EndProject
Project("{FAE04EC0-301F-11D3-BF4B-00C04F79EFBC}") = "Filmowanie.Voting", "Filmowanie.Voting\Filmowanie.Voting.csproj", "{9B6F3F81-88E5-4199-AF92-3F3610CBB14A}"
EndProject
Project("{FAE04EC0-301F-11D3-BF4B-00C04F79EFBC}") = "Filmowanie.Nomination", "Filmowanie.Nomination\Filmowanie.Nomination.csproj", "{F4878BF1-08C0-42A6-B425-2F97C92431E3}"
EndProject
Project("{FAE04EC0-301F-11D3-BF4B-00C04F79EFBC}") = "Filmowanie.Notification", "Filmowanie.Notification\Filmowanie.Notification.csproj", "{BF1CC478-68BE-4D4F-9894-2F59F084A036}"
EndProject
Project("{2150E333-8FDC-42A3-9474-1A3956D46DE8}") = "Tests", "Tests", "{7427800D-1D46-4761-8A40-1ED9E368CF17}"
EndProject
Project("{FAE04EC0-301F-11D3-BF4B-00C04F79EFBC}") = "Filmowanie.Tests", "Tests\Filmowanie.Tests\Filmowanie.Tests.csproj", "{450669BE-613F-4BA8-9D25-DA61B7B11892}"
EndProject
Global
	GlobalSection(SolutionConfigurationPlatforms) = preSolution
		Debug|Any CPU = Debug|Any CPU
		DebugAndFrontend|Any CPU = DebugAndFrontend|Any CPU
		Release|Any CPU = Release|Any CPU
	EndGlobalSection
	GlobalSection(ProjectConfigurationPlatforms) = postSolution
		{5E82A902-1A4F-477D-9C42-CC6BC0D76EF0}.Debug|Any CPU.ActiveCfg = Debug|Any CPU
		{5E82A902-1A4F-477D-9C42-CC6BC0D76EF0}.Debug|Any CPU.Build.0 = Debug|Any CPU
		{5E82A902-1A4F-477D-9C42-CC6BC0D76EF0}.DebugAndFrontend|Any CPU.ActiveCfg = DebugAndFrontend|Any CPU
		{5E82A902-1A4F-477D-9C42-CC6BC0D76EF0}.DebugAndFrontend|Any CPU.Build.0 = DebugAndFrontend|Any CPU
		{5E82A902-1A4F-477D-9C42-CC6BC0D76EF0}.Release|Any CPU.ActiveCfg = Release|Any CPU
		{5E82A902-1A4F-477D-9C42-CC6BC0D76EF0}.Release|Any CPU.Build.0 = Release|Any CPU
		{A2AA58CB-24EC-4B4A-B592-E32D297BCCE0}.Debug|Any CPU.ActiveCfg = Debug|Any CPU
		{A2AA58CB-24EC-4B4A-B592-E32D297BCCE0}.Debug|Any CPU.Build.0 = Debug|Any CPU
		{A2AA58CB-24EC-4B4A-B592-E32D297BCCE0}.DebugAndFrontend|Any CPU.ActiveCfg = Debug|Any CPU
		{A2AA58CB-24EC-4B4A-B592-E32D297BCCE0}.DebugAndFrontend|Any CPU.Build.0 = Debug|Any CPU
		{A2AA58CB-24EC-4B4A-B592-E32D297BCCE0}.Release|Any CPU.ActiveCfg = Release|Any CPU
		{A2AA58CB-24EC-4B4A-B592-E32D297BCCE0}.Release|Any CPU.Build.0 = Release|Any CPU
		{23A60AA0-6F2A-4EC7-BD97-2A1B067165B0}.Debug|Any CPU.ActiveCfg = Debug|Any CPU
		{23A60AA0-6F2A-4EC7-BD97-2A1B067165B0}.Debug|Any CPU.Build.0 = Debug|Any CPU
		{23A60AA0-6F2A-4EC7-BD97-2A1B067165B0}.DebugAndFrontend|Any CPU.ActiveCfg = Debug|Any CPU
		{23A60AA0-6F2A-4EC7-BD97-2A1B067165B0}.DebugAndFrontend|Any CPU.Build.0 = Debug|Any CPU
		{23A60AA0-6F2A-4EC7-BD97-2A1B067165B0}.Release|Any CPU.ActiveCfg = Release|Any CPU
		{23A60AA0-6F2A-4EC7-BD97-2A1B067165B0}.Release|Any CPU.Build.0 = Release|Any CPU
		{8E09751C-86C7-4BD8-9117-5C599777CD84}.Debug|Any CPU.ActiveCfg = Debug|Any CPU
		{8E09751C-86C7-4BD8-9117-5C599777CD84}.Debug|Any CPU.Build.0 = Debug|Any CPU
		{8E09751C-86C7-4BD8-9117-5C599777CD84}.DebugAndFrontend|Any CPU.ActiveCfg = Debug|Any CPU
		{8E09751C-86C7-4BD8-9117-5C599777CD84}.DebugAndFrontend|Any CPU.Build.0 = Debug|Any CPU
		{8E09751C-86C7-4BD8-9117-5C599777CD84}.Release|Any CPU.ActiveCfg = Release|Any CPU
		{8E09751C-86C7-4BD8-9117-5C599777CD84}.Release|Any CPU.Build.0 = Release|Any CPU
		{9B6F3F81-88E5-4199-AF92-3F3610CBB14A}.Debug|Any CPU.ActiveCfg = Debug|Any CPU
		{9B6F3F81-88E5-4199-AF92-3F3610CBB14A}.Debug|Any CPU.Build.0 = Debug|Any CPU
		{9B6F3F81-88E5-4199-AF92-3F3610CBB14A}.DebugAndFrontend|Any CPU.ActiveCfg = Debug|Any CPU
		{9B6F3F81-88E5-4199-AF92-3F3610CBB14A}.DebugAndFrontend|Any CPU.Build.0 = Debug|Any CPU
		{9B6F3F81-88E5-4199-AF92-3F3610CBB14A}.Release|Any CPU.ActiveCfg = Release|Any CPU
		{9B6F3F81-88E5-4199-AF92-3F3610CBB14A}.Release|Any CPU.Build.0 = Release|Any CPU
		{F4878BF1-08C0-42A6-B425-2F97C92431E3}.Debug|Any CPU.ActiveCfg = Debug|Any CPU
		{F4878BF1-08C0-42A6-B425-2F97C92431E3}.Debug|Any CPU.Build.0 = Debug|Any CPU
		{F4878BF1-08C0-42A6-B425-2F97C92431E3}.DebugAndFrontend|Any CPU.ActiveCfg = Debug|Any CPU
		{F4878BF1-08C0-42A6-B425-2F97C92431E3}.DebugAndFrontend|Any CPU.Build.0 = Debug|Any CPU
		{F4878BF1-08C0-42A6-B425-2F97C92431E3}.Release|Any CPU.ActiveCfg = Release|Any CPU
		{F4878BF1-08C0-42A6-B425-2F97C92431E3}.Release|Any CPU.Build.0 = Release|Any CPU
		{BF1CC478-68BE-4D4F-9894-2F59F084A036}.Debug|Any CPU.ActiveCfg = Debug|Any CPU
		{BF1CC478-68BE-4D4F-9894-2F59F084A036}.Debug|Any CPU.Build.0 = Debug|Any CPU
		{BF1CC478-68BE-4D4F-9894-2F59F084A036}.DebugAndFrontend|Any CPU.ActiveCfg = Debug|Any CPU
		{BF1CC478-68BE-4D4F-9894-2F59F084A036}.DebugAndFrontend|Any CPU.Build.0 = Debug|Any CPU
		{BF1CC478-68BE-4D4F-9894-2F59F084A036}.Release|Any CPU.ActiveCfg = Release|Any CPU
		{BF1CC478-68BE-4D4F-9894-2F59F084A036}.Release|Any CPU.Build.0 = Release|Any CPU
		{450669BE-613F-4BA8-9D25-DA61B7B11892}.Debug|Any CPU.ActiveCfg = Debug|Any CPU
		{450669BE-613F-4BA8-9D25-DA61B7B11892}.Debug|Any CPU.Build.0 = Debug|Any CPU
		{450669BE-613F-4BA8-9D25-DA61B7B11892}.DebugAndFrontend|Any CPU.ActiveCfg = Debug|Any CPU
		{450669BE-613F-4BA8-9D25-DA61B7B11892}.DebugAndFrontend|Any CPU.Build.0 = Debug|Any CPU
		{450669BE-613F-4BA8-9D25-DA61B7B11892}.Release|Any CPU.ActiveCfg = Release|Any CPU
		{450669BE-613F-4BA8-9D25-DA61B7B11892}.Release|Any CPU.Build.0 = Release|Any CPU
	EndGlobalSection
	GlobalSection(SolutionProperties) = preSolution
		HideSolutionNode = FALSE
	EndGlobalSection
	GlobalSection(NestedProjects) = preSolution
		{450669BE-613F-4BA8-9D25-DA61B7B11892} = {7427800D-1D46-4761-8A40-1ED9E368CF17}
	EndGlobalSection
	GlobalSection(ExtensibilityGlobals) = postSolution
		SolutionGuid = {A8B75422-61AD-4E75-A7F5-8359F36C8126}
	EndGlobalSection
EndGlobal
